{
    "version": 3,
    "terraform_version": "0.11.8",
    "serial": 6,
    "lineage": "1cdef226-c0dd-4c17-8392-440457c62a1c",
    "modules": [
        {
            "path": [
                "root"
            ],
            "outputs": {},
            "resources": {
                "data.openstack_images_image_v2.ubuntu_16_selectel": {
                    "type": "openstack_images_image_v2",
                    "depends_on": [],
                    "primary": {
                        "id": "19270d6d-bc42-41fe-87cc-29e2b630e6af",
                        "attributes": {
                            "checksum": "48f37f4c76922db07a2fbcef1e45b0d9",
                            "container_format": "bare",
                            "disk_format": "raw",
                            "file": "/v2/images/19270d6d-bc42-41fe-87cc-29e2b630e6af/file",
                            "id": "19270d6d-bc42-41fe-87cc-29e2b630e6af",
                            "metadata.%": "0",
                            "min_disk_gb": "5",
                            "min_ram_mb": "512",
                            "most_recent": "false",
                            "name": "Ubuntu 16.04 LTS 64-bit",
                            "owner": "3acf7ceddc024b86b86ef151e4972805",
                            "properties.%": "1",
                            "properties.x_sel_image_source_file": "ubuntu-xenial-amd64-selectel-master-product-0.1.img",
                            "protected": "false",
                            "schema": "/v2/schemas/image",
                            "size_bytes": "2642739200",
                            "sort_direction": "asc",
                            "sort_key": "name",
                            "visibility": "public"
                        },
                        "meta": {},
                        "tainted": false
                    },
                    "deposed": [],
                    "provider": "provider.openstack"
                },
                "openstack_blockstorage_volume_v2.disk-for-main01": {
                    "type": "openstack_blockstorage_volume_v2",
                    "depends_on": [
                        "data.openstack_images_image_v2.ubuntu_16_selectel"
                    ],
                    "primary": {
                        "id": "55c73598-5ee0-4eff-8472-c92c2d26825c",
                        "attributes": {
                            "attachment.#": "0",
                            "availability_zone": "ru-1b",
                            "description": "",
                            "id": "55c73598-5ee0-4eff-8472-c92c2d26825c",
                            "image_id": "19270d6d-bc42-41fe-87cc-29e2b630e6af",
                            "metadata.%": "0",
                            "name": "disk-for-main01",
                            "region": "ru-1",
                            "size": "30",
                            "snapshot_id": "",
                            "source_vol_id": "",
                            "volume_type": "basic.ru-1b"
                        },
                        "meta": {
                            "e2bfb730-ecaa-11e6-8f88-34363bc7c4c0": {
                                "create": 600000000000,
                                "delete": 600000000000
                            }
                        },
                        "tainted": false
                    },
                    "deposed": [],
                    "provider": "provider.openstack"
                },
                "openstack_compute_instance_v2.main01": {
                    "type": "openstack_compute_instance_v2",
                    "depends_on": [
                        "openstack_blockstorage_volume_v2.disk-for-main01",
                        "openstack_networking_network_v2.terraform"
                    ],
                    "primary": {
                        "id": "dee144d2-069e-49ef-a451-a6b0384fd374",
                        "attributes": {
                            "access_ip_v4": "192.168.99.4",
                            "access_ip_v6": "",
                            "all_metadata.%": "1",
                            "all_metadata.x_sel_server_default_addr": "{\"ipv4\":\"5.189.236.218\"}",
                            "availability_zone": "ru-1b",
                            "block_device.#": "1",
                            "block_device.0.boot_index": "0",
                            "block_device.0.delete_on_termination": "false",
                            "block_device.0.destination_type": "volume",
                            "block_device.0.guest_format": "",
                            "block_device.0.source_type": "volume",
                            "block_device.0.uuid": "55c73598-5ee0-4eff-8472-c92c2d26825c",
                            "block_device.0.volume_size": "0",
                            "flavor_id": "1001",
                            "flavor_name": "BL1.1-1024",
                            "force_delete": "false",
                            "id": "dee144d2-069e-49ef-a451-a6b0384fd374",
                            "image_id": "Attempt to boot from volume - no image supplied",
                            "key_pair": "user",
                            "metadata.%": "1",
                            "metadata.x_sel_server_default_addr": "{\"ipv4\":\"5.189.236.218\"}",
                            "name": "main01",
                            "network.#": "2",
                            "network.0.access_network": "false",
                            "network.0.fixed_ip_v4": "192.168.99.4",
                            "network.0.fixed_ip_v6": "",
                            "network.0.floating_ip": "",
                            "network.0.mac": "fa:16:3e:01:06:1f",
                            "network.0.name": "nat",
                            "network.0.port": "",
                            "network.0.uuid": "fcda435b-b0be-4cb5-aa83-1ae2960ff863",
                            "network.1.access_network": "false",
                            "network.1.fixed_ip_v4": "5.189.236.218",
                            "network.1.fixed_ip_v6": "",
                            "network.1.floating_ip": "",
                            "network.1.mac": "fa:16:3e:ea:7d:41",
                            "network.1.name": "5.189.236.216/29",
                            "network.1.port": "",
                            "network.1.uuid": "a25c4d64-6d99-4774-8983-92631980225b",
                            "power_state": "active",
                            "region": "ru-1",
                            "security_groups.#": "0",
                            "stop_before_destroy": "false"
                        },
                        "meta": {
                            "e2bfb730-ecaa-11e6-8f88-34363bc7c4c0": {
                                "create": 1800000000000,
                                "delete": 1800000000000,
                                "update": 1800000000000
                            }
                        },
                        "tainted": false
                    },
                    "deposed": [],
                    "provider": "provider.openstack"
                },
                "openstack_networking_network_v2.terraform": {
                    "type": "openstack_networking_network_v2",
                    "depends_on": [],
                    "primary": {
                        "id": "fcda435b-b0be-4cb5-aa83-1ae2960ff863",
                        "attributes": {
                            "admin_state_up": "true",
                            "availability_zone_hints.#": "0",
                            "id": "fcda435b-b0be-4cb5-aa83-1ae2960ff863",
                            "name": "nat",
                            "region": "ru-1",
                            "shared": "false",
                            "tenant_id": "c220af7ce05448c1870001efd46b135c"
                        },
                        "meta": {
                            "e2bfb730-ecaa-11e6-8f88-34363bc7c4c0": {
                                "create": 600000000000,
                                "delete": 600000000000
                            }
                        },
                        "tainted": false
                    },
                    "deposed": [],
                    "provider": "provider.openstack"
                },
                "openstack_networking_router_interface_v2.terraform": {
                    "type": "openstack_networking_router_interface_v2",
                    "depends_on": [
                        "openstack_networking_router_v2.terraform",
                        "openstack_networking_subnet_v2.terraform"
                    ],
                    "primary": {
                        "id": "f74ca0fb-e1ae-4173-816d-c0d532e2e91a",
                        "attributes": {
                            "id": "f74ca0fb-e1ae-4173-816d-c0d532e2e91a",
                            "port_id": "f74ca0fb-e1ae-4173-816d-c0d532e2e91a",
                            "region": "ru-1",
                            "router_id": "780a3187-7fc4-4b17-bd5a-67c91c3d858b",
                            "subnet_id": "ff28d539-2126-4533-9200-902590a0279a"
                        },
                        "meta": {
                            "e2bfb730-ecaa-11e6-8f88-34363bc7c4c0": {
                                "create": 600000000000,
                                "delete": 600000000000
                            }
                        },
                        "tainted": false
                    },
                    "deposed": [],
                    "provider": "provider.openstack"
                },
                "openstack_networking_router_v2.terraform": {
                    "type": "openstack_networking_router_v2",
                    "depends_on": [],
                    "primary": {
                        "id": "780a3187-7fc4-4b17-bd5a-67c91c3d858b",
                        "attributes": {
                            "admin_state_up": "true",
                            "availability_zone_hints.#": "0",
                            "distributed": "false",
                            "enable_snat": "true",
                            "external_fixed_ip.#": "1",
                            "external_fixed_ip.0.ip_address": "95.213.151.184",
                            "external_fixed_ip.0.subnet_id": "102a9263-2d84-4335-acfb-6583ac8e70aa",
                            "external_gateway": "ab2264dd-bde8-4a97-b0da-5fea63191019",
                            "external_network_id": "ab2264dd-bde8-4a97-b0da-5fea63191019",
                            "id": "780a3187-7fc4-4b17-bd5a-67c91c3d858b",
                            "name": "nat-router",
                            "region": "ru-1",
                            "tenant_id": "c220af7ce05448c1870001efd46b135c"
                        },
                        "meta": {
                            "e2bfb730-ecaa-11e6-8f88-34363bc7c4c0": {
                                "create": 600000000000,
                                "delete": 600000000000
                            }
                        },
                        "tainted": false
                    },
                    "deposed": [],
                    "provider": "provider.openstack"
                },
                "openstack_networking_subnet_v2.terraform": {
                    "type": "openstack_networking_subnet_v2",
                    "depends_on": [
                        "openstack_networking_network_v2.terraform"
                    ],
                    "primary": {
                        "id": "ff28d539-2126-4533-9200-902590a0279a",
                        "attributes": {
                            "allocation_pools.#": "1",
                            "allocation_pools.0.end": "192.168.99.254",
                            "allocation_pools.0.start": "192.168.99.2",
                            "cidr": "192.168.99.0/24",
                            "dns_nameservers.#": "3",
                            "dns_nameservers.0": "188.93.16.19",
                            "dns_nameservers.1": "188.93.17.19",
                            "dns_nameservers.2": "109.234.159.91",
                            "enable_dhcp": "false",
                            "gateway_ip": "192.168.99.1",
                            "host_routes.#": "0",
                            "id": "ff28d539-2126-4533-9200-902590a0279a",
                            "ip_version": "4",
                            "ipv6_address_mode": "",
                            "ipv6_ra_mode": "",
                            "name": "nat",
                            "network_id": "fcda435b-b0be-4cb5-aa83-1ae2960ff863",
                            "no_gateway": "false",
                            "region": "ru-1",
                            "subnetpool_id": "",
                            "tenant_id": "c220af7ce05448c1870001efd46b135c"
                        },
                        "meta": {
                            "e2bfb730-ecaa-11e6-8f88-34363bc7c4c0": {
                                "create": 600000000000,
                                "delete": 600000000000
                            }
                        },
                        "tainted": false
                    },
                    "deposed": [],
                    "provider": "provider.openstack"
                }
            },
            "depends_on": []
        }
    ]
}
